
Microsoft Visual Studio Solution File, Format Version 12.00
# Visual Studio Version 16
VisualStudioVersion = 16.0.31321.278
MinimumVisualStudioVersion = 10.0.40219.1
Project("{8BC9CEB8-8B4A-11D0-8D11-00A0C91BC942}") = "Data Structures", "Data Structures.vcxproj", "{0C21BBBB-C5EB-435E-885F-480A8E6A36B6}"
EndProject
Global
	GlobalSection(SolutionConfigurationPlatforms) = preSolution
		Debug|x64 = Debug|x64
		Debug|x86 = Debug|x86
		Release|x64 = Release|x64
		Release|x86 = Release|x86
	EndGlobalSection
	GlobalSection(ProjectConfigurationPlatforms) = postSolution
		{0C21BBBB-C5EB-435E-885F-480A8E6A36B6}.Debug|x64.ActiveCfg = Debug|x64
		{0C21BBBB-C5EB-435E-885F-480A8E6A36B6}.Debug|x64.Build.0 = Debug|x64
		{0C21BBBB-C5EB-435E-885F-480A8E6A36B6}.Debug|x86.ActiveCfg = Debug|Win32
		{0C21BBBB-C5EB-435E-885F-480A8E6A36B6}.Debug|x86.Build.0 = Debug|Win32
		{0C21BBBB-C5EB-435E-885F-480A8E6A36B6}.Release|x64.ActiveCfg = Release|x64
		{0C21BBBB-C5EB-435E-885F-480A8E6A36B6}.Release|x64.Build.0 = Release|x64
		{0C21BBBB-C5EB-435E-885F-480A8E6A36B6}.Release|x86.ActiveCfg = Release|Win32
		{0C21BBBB-C5EB-435E-885F-480A8E6A36B6}.Release|x86.Build.0 = Release|Win32
	EndGlobalSection
	GlobalSection(SolutionProperties) = preSolution
		HideSolutionNode = FALSE
	EndGlobalSection
	GlobalSection(ExtensibilityGlobals) = postSolution
		SolutionGuid = {D852D197-8F38-48A2-9C7B-2A857CD83559}
	EndGlobalSection
EndGlobal
